
Microsoft Visual Studio Solution File, Format Version 12.00
# Visual Studio Version 16
VisualStudioVersion = 16.0.30907.101
MinimumVisualStudioVersion = 10.0.40219.1
Project("{9A19103F-16F7-4668-BE54-9A1E7A4F7556}") = "DataAccess", "DataAccess\DataAccess.csproj", "{AAD80F97-880E-4DD9-890C-E95A0E530EC1}"
EndProject
Project("{9A19103F-16F7-4668-BE54-9A1E7A4F7556}") = "Business", "Business\Business.csproj", "{DEFB2AFA-B662-4826-A296-4994A615898A}"
EndProject
Project("{9A19103F-16F7-4668-BE54-9A1E7A4F7556}") = "Entities", "Entities\Entities.csproj", "{8BA33095-1A60-4534-9ECC-8EE03BFA838E}"
EndProject
Project("{9A19103F-16F7-4668-BE54-9A1E7A4F7556}") = "ConsoleUI", "ConsoleUI\ConsoleUI.csproj", "{E39C9C9C-82C6-4263-9D43-C8012D8CE54B}"
EndProject
Project("{FAE04EC0-301F-11D3-BF4B-00C04F79EFBC}") = "Core", "Core\Core.csproj", "{EF52A2D7-983C-459E-958D-6B93F8B7518D}"
EndProject
Global
	GlobalSection(SolutionConfigurationPlatforms) = preSolution
		Debug|Any CPU = Debug|Any CPU
		Release|Any CPU = Release|Any CPU
	EndGlobalSection
	GlobalSection(ProjectConfigurationPlatforms) = postSolution
		{AAD80F97-880E-4DD9-890C-E95A0E530EC1}.Debug|Any CPU.ActiveCfg = Debug|Any CPU
		{AAD80F97-880E-4DD9-890C-E95A0E530EC1}.Debug|Any CPU.Build.0 = Debug|Any CPU
		{AAD80F97-880E-4DD9-890C-E95A0E530EC1}.Release|Any CPU.ActiveCfg = Release|Any CPU
		{AAD80F97-880E-4DD9-890C-E95A0E530EC1}.Release|Any CPU.Build.0 = Release|Any CPU
		{DEFB2AFA-B662-4826-A296-4994A615898A}.Debug|Any CPU.ActiveCfg = Debug|Any CPU
		{DEFB2AFA-B662-4826-A296-4994A615898A}.Debug|Any CPU.Build.0 = Debug|Any CPU
		{DEFB2AFA-B662-4826-A296-4994A615898A}.Release|Any CPU.ActiveCfg = Release|Any CPU
		{DEFB2AFA-B662-4826-A296-4994A615898A}.Release|Any CPU.Build.0 = Release|Any CPU
		{8BA33095-1A60-4534-9ECC-8EE03BFA838E}.Debug|Any CPU.ActiveCfg = Debug|Any CPU
		{8BA33095-1A60-4534-9ECC-8EE03BFA838E}.Debug|Any CPU.Build.0 = Debug|Any CPU
		{8BA33095-1A60-4534-9ECC-8EE03BFA838E}.Release|Any CPU.ActiveCfg = Release|Any CPU
		{8BA33095-1A60-4534-9ECC-8EE03BFA838E}.Release|Any CPU.Build.0 = Release|Any CPU
		{E39C9C9C-82C6-4263-9D43-C8012D8CE54B}.Debug|Any CPU.ActiveCfg = Debug|Any CPU
		{E39C9C9C-82C6-4263-9D43-C8012D8CE54B}.Debug|Any CPU.Build.0 = Debug|Any CPU
		{E39C9C9C-82C6-4263-9D43-C8012D8CE54B}.Release|Any CPU.ActiveCfg = Release|Any CPU
		{E39C9C9C-82C6-4263-9D43-C8012D8CE54B}.Release|Any CPU.Build.0 = Release|Any CPU
		{EF52A2D7-983C-459E-958D-6B93F8B7518D}.Debug|Any CPU.ActiveCfg = Debug|Any CPU
		{EF52A2D7-983C-459E-958D-6B93F8B7518D}.Debug|Any CPU.Build.0 = Debug|Any CPU
		{EF52A2D7-983C-459E-958D-6B93F8B7518D}.Release|Any CPU.ActiveCfg = Release|Any CPU
		{EF52A2D7-983C-459E-958D-6B93F8B7518D}.Release|Any CPU.Build.0 = Release|Any CPU
	EndGlobalSection
	GlobalSection(SolutionProperties) = preSolution
		HideSolutionNode = FALSE
	EndGlobalSection
	GlobalSection(ExtensibilityGlobals) = postSolution
		SolutionGuid = {3715FDAB-BD53-48F6-8792-55066E6E11D9}
	EndGlobalSection
EndGlobal
